
Microsoft Visual Studio Solution File, Format Version 12.00
# Visual Studio 15
VisualStudioVersion = 15.0.28010.2046
MinimumVisualStudioVersion = 10.0.40219.1
Project("{FAE04EC0-301F-11D3-BF4B-00C04F79EFBC}") = "Animals", "Animals.csproj", "{5420E26C-F0E4-4108-A873-C63CD5A1A083}"
EndProject
Global
	GlobalSection(SolutionConfigurationPlatforms) = preSolution
		Debug|Any CPU = Debug|Any CPU
		Release|Any CPU = Release|Any CPU
	EndGlobalSection
	GlobalSection(ProjectConfigurationPlatforms) = postSolution
		{5420E26C-F0E4-4108-A873-C63CD5A1A083}.Debug|Any CPU.ActiveCfg = Debug|Any CPU
		{5420E26C-F0E4-4108-A873-C63CD5A1A083}.Debug|Any CPU.Build.0 = Debug|Any CPU
		{5420E26C-F0E4-4108-A873-C63CD5A1A083}.Release|Any CPU.ActiveCfg = Release|Any CPU
		{5420E26C-F0E4-4108-A873-C63CD5A1A083}.Release|Any CPU.Build.0 = Release|Any CPU
	EndGlobalSection
	GlobalSection(SolutionProperties) = preSolution
		HideSolutionNode = FALSE
	EndGlobalSection
	GlobalSection(ExtensibilityGlobals) = postSolution
		SolutionGuid = {438FF15E-4F08-4F1A-8F60-62DA2BC54D25}
	EndGlobalSection
EndGlobal
